
Microsoft Visual Studio Solution File, Format Version 12.00
# Visual Studio Version 16
VisualStudioVersion = 16.0.30517.126
MinimumVisualStudioVersion = 10.0.40219.1
Project("{9A19103F-16F7-4668-BE54-9A1E7A4F7556}") = "PoseHelper", "PoseHelper\PoseHelper.csproj", "{954E785C-FF93-445A-A6F9-B2EBB57A941B}"
EndProject
Project("{9A19103F-16F7-4668-BE54-9A1E7A4F7556}") = "MoonToOutro", "MoonToOutro\MoonToOutro.csproj", "{C7C3EF07-DD16-4062-A9BA-D8439F8B4B30}"
EndProject
Project("{9A19103F-16F7-4668-BE54-9A1E7A4F7556}") = "RadarEffectToggleMod", "RadarEffectToggleMod\RadarEffectToggleMod.csproj", "{AC71711D-E883-480F-8A2F-C544C04AC0AE}"
EndProject
Project("{9A19103F-16F7-4668-BE54-9A1E7A4F7556}") = "HideScannerIndicatorOnUse", "HideScannerIndicatorOnUse\HideScannerIndicatorOnUse.csproj", "{1F7955CB-E590-4FAE-99B5-334E256C811E}"
EndProject
Project("{9A19103F-16F7-4668-BE54-9A1E7A4F7556}") = "LeBuilder", "LeBuilder\LeBuilder.csproj", "{27764B04-3AA7-4AB4-BC08-2D9FA8304E21}"
EndProject
Project("{9A19103F-16F7-4668-BE54-9A1E7A4F7556}") = "LobbyAppearanceImprovements", "LobbyAppearanceImprovements\LobbyAppearanceImprovements.csproj", "{0BAF2028-C072-4DA9-9265-815C1B4D427D}"
EndProject
Project("{FAE04EC0-301F-11D3-BF4B-00C04F79EFBC}") = "Speedometer", "Speedometer\Speedometer.csproj", "{87ADA314-FB23-49E2-A97F-CC5EFE31F6DC}"
EndProject
Project("{9A19103F-16F7-4668-BE54-9A1E7A4F7556}") = "ExtinguishInWater", "ExtinguishInWater\ExtinguishInWater.csproj", "{8B61AB2D-F578-4695-9118-B41467EB3F36}"
EndProject
Project("{9A19103F-16F7-4668-BE54-9A1E7A4F7556}") = "GoombaStomp", "GoombaStomp\GoombaStomp.csproj", "{A2482DA9-42F0-4056-917F-402AE25E2524}"
EndProject
Project("{FAE04EC0-301F-11D3-BF4B-00C04F79EFBC}") = "MithrixMeme", "MithrixMeme\MithrixMeme.csproj", "{2EC0D1C4-75C5-45E4-98DA-9B58FE3A8ED7}"
EndProject
Project("{9A19103F-16F7-4668-BE54-9A1E7A4F7556}") = "FUCKEQUIPMENTDRONES", "FUCKEQUIPMENTDRONES\FUCKEQUIPMENTDRONES.csproj", "{2EE93A82-1292-456D-815C-51F576945BE4}"
EndProject
Project("{FAE04EC0-301F-11D3-BF4B-00C04F79EFBC}") = "BetterEquipmentDroneUse", "AutoUseEquipmentDrones\BetterEquipmentDroneUse.csproj", "{F4A137F5-1C93-4D52-B6A9-5D63FC79A234}"
EndProject
Project("{9A19103F-16F7-4668-BE54-9A1E7A4F7556}") = "VersusPlayerBoss", "VersusPlayerBoss\VersusPlayerBoss.csproj", "{00E5ADD6-ABF0-4FDB-83AC-55581CA4FECE}"
EndProject
Project("{9A19103F-16F7-4668-BE54-9A1E7A4F7556}") = "SurvivorTaunts", "SurvivorTaunts\SurvivorTaunts.csproj", "{451CCCE3-56C4-4801-961F-323B5536D1AE}"
EndProject
Project("{FAE04EC0-301F-11D3-BF4B-00C04F79EFBC}") = "StageVariantsPlus", "StageVariantsPlus\StageVariantsPlus.csproj", "{2FA12A80-3344-45DE-879B-4299AEAC5A7D}"
EndProject
Project("{FAE04EC0-301F-11D3-BF4B-00C04F79EFBC}") = "GoldChestForAll", "GoldChestForAll\GoldChestForAll.csproj", "{63904AFA-746B-497B-B610-B27B7F05C8F8}"
EndProject
Project("{9A19103F-16F7-4668-BE54-9A1E7A4F7556}") = "ForcedStageVariation", "ForcedStageVariation\ForcedStageVariation.csproj", "{1C39F719-A85F-4567-ABD0-FBD7639CA76D}"
EndProject
Project("{9A19103F-16F7-4668-BE54-9A1E7A4F7556}") = "AlternateSkills", "AlternateSkills\AlternateSkills.csproj", "{39087E47-AA3F-479B-A6F2-0B04165EC43F}"
EndProject
Project("{9A19103F-16F7-4668-BE54-9A1E7A4F7556}") = "CloakBuff", "CloakBuff\CloakBuff.csproj", "{D717A004-D149-4B7A-8B17-AA9EDAE44B1A}"
EndProject
Global
	GlobalSection(SolutionConfigurationPlatforms) = preSolution
		Debug|Any CPU = Debug|Any CPU
		Release|Any CPU = Release|Any CPU
	EndGlobalSection
	GlobalSection(ProjectConfigurationPlatforms) = postSolution
		{954E785C-FF93-445A-A6F9-B2EBB57A941B}.Debug|Any CPU.ActiveCfg = Debug|Any CPU
		{954E785C-FF93-445A-A6F9-B2EBB57A941B}.Debug|Any CPU.Build.0 = Debug|Any CPU
		{954E785C-FF93-445A-A6F9-B2EBB57A941B}.Release|Any CPU.ActiveCfg = Release|Any CPU
		{954E785C-FF93-445A-A6F9-B2EBB57A941B}.Release|Any CPU.Build.0 = Release|Any CPU
		{C7C3EF07-DD16-4062-A9BA-D8439F8B4B30}.Debug|Any CPU.ActiveCfg = Debug|Any CPU
		{C7C3EF07-DD16-4062-A9BA-D8439F8B4B30}.Debug|Any CPU.Build.0 = Debug|Any CPU
		{C7C3EF07-DD16-4062-A9BA-D8439F8B4B30}.Release|Any CPU.ActiveCfg = Release|Any CPU
		{C7C3EF07-DD16-4062-A9BA-D8439F8B4B30}.Release|Any CPU.Build.0 = Release|Any CPU
		{AC71711D-E883-480F-8A2F-C544C04AC0AE}.Debug|Any CPU.ActiveCfg = Debug|Any CPU
		{AC71711D-E883-480F-8A2F-C544C04AC0AE}.Debug|Any CPU.Build.0 = Debug|Any CPU
		{AC71711D-E883-480F-8A2F-C544C04AC0AE}.Release|Any CPU.ActiveCfg = Release|Any CPU
		{AC71711D-E883-480F-8A2F-C544C04AC0AE}.Release|Any CPU.Build.0 = Release|Any CPU
		{1F7955CB-E590-4FAE-99B5-334E256C811E}.Debug|Any CPU.ActiveCfg = Debug|Any CPU
		{1F7955CB-E590-4FAE-99B5-334E256C811E}.Debug|Any CPU.Build.0 = Debug|Any CPU
		{1F7955CB-E590-4FAE-99B5-334E256C811E}.Release|Any CPU.ActiveCfg = Release|Any CPU
		{1F7955CB-E590-4FAE-99B5-334E256C811E}.Release|Any CPU.Build.0 = Release|Any CPU
		{27764B04-3AA7-4AB4-BC08-2D9FA8304E21}.Debug|Any CPU.ActiveCfg = Debug|Any CPU
		{27764B04-3AA7-4AB4-BC08-2D9FA8304E21}.Debug|Any CPU.Build.0 = Debug|Any CPU
		{27764B04-3AA7-4AB4-BC08-2D9FA8304E21}.Release|Any CPU.ActiveCfg = Release|Any CPU
		{27764B04-3AA7-4AB4-BC08-2D9FA8304E21}.Release|Any CPU.Build.0 = Release|Any CPU
		{0BAF2028-C072-4DA9-9265-815C1B4D427D}.Debug|Any CPU.ActiveCfg = Debug|Any CPU
		{0BAF2028-C072-4DA9-9265-815C1B4D427D}.Debug|Any CPU.Build.0 = Debug|Any CPU
		{0BAF2028-C072-4DA9-9265-815C1B4D427D}.Release|Any CPU.ActiveCfg = Release|Any CPU
		{0BAF2028-C072-4DA9-9265-815C1B4D427D}.Release|Any CPU.Build.0 = Release|Any CPU
		{87ADA314-FB23-49E2-A97F-CC5EFE31F6DC}.Debug|Any CPU.ActiveCfg = Debug|Any CPU
		{87ADA314-FB23-49E2-A97F-CC5EFE31F6DC}.Debug|Any CPU.Build.0 = Debug|Any CPU
		{87ADA314-FB23-49E2-A97F-CC5EFE31F6DC}.Release|Any CPU.ActiveCfg = Release|Any CPU
		{87ADA314-FB23-49E2-A97F-CC5EFE31F6DC}.Release|Any CPU.Build.0 = Release|Any CPU
		{8B61AB2D-F578-4695-9118-B41467EB3F36}.Debug|Any CPU.ActiveCfg = Debug|Any CPU
		{8B61AB2D-F578-4695-9118-B41467EB3F36}.Debug|Any CPU.Build.0 = Debug|Any CPU
		{8B61AB2D-F578-4695-9118-B41467EB3F36}.Release|Any CPU.ActiveCfg = Release|Any CPU
		{8B61AB2D-F578-4695-9118-B41467EB3F36}.Release|Any CPU.Build.0 = Release|Any CPU
		{A2482DA9-42F0-4056-917F-402AE25E2524}.Debug|Any CPU.ActiveCfg = Debug|Any CPU
		{A2482DA9-42F0-4056-917F-402AE25E2524}.Debug|Any CPU.Build.0 = Debug|Any CPU
		{A2482DA9-42F0-4056-917F-402AE25E2524}.Release|Any CPU.ActiveCfg = Release|Any CPU
		{A2482DA9-42F0-4056-917F-402AE25E2524}.Release|Any CPU.Build.0 = Release|Any CPU
		{2EC0D1C4-75C5-45E4-98DA-9B58FE3A8ED7}.Debug|Any CPU.ActiveCfg = Debug|Any CPU
		{2EC0D1C4-75C5-45E4-98DA-9B58FE3A8ED7}.Debug|Any CPU.Build.0 = Debug|Any CPU
		{2EC0D1C4-75C5-45E4-98DA-9B58FE3A8ED7}.Release|Any CPU.ActiveCfg = Release|Any CPU
		{2EC0D1C4-75C5-45E4-98DA-9B58FE3A8ED7}.Release|Any CPU.Build.0 = Release|Any CPU
		{2EE93A82-1292-456D-815C-51F576945BE4}.Debug|Any CPU.ActiveCfg = Debug|Any CPU
		{2EE93A82-1292-456D-815C-51F576945BE4}.Debug|Any CPU.Build.0 = Debug|Any CPU
		{2EE93A82-1292-456D-815C-51F576945BE4}.Release|Any CPU.ActiveCfg = Release|Any CPU
		{2EE93A82-1292-456D-815C-51F576945BE4}.Release|Any CPU.Build.0 = Release|Any CPU
		{F4A137F5-1C93-4D52-B6A9-5D63FC79A234}.Debug|Any CPU.ActiveCfg = Debug|Any CPU
		{F4A137F5-1C93-4D52-B6A9-5D63FC79A234}.Debug|Any CPU.Build.0 = Debug|Any CPU
		{F4A137F5-1C93-4D52-B6A9-5D63FC79A234}.Release|Any CPU.ActiveCfg = Release|Any CPU
		{F4A137F5-1C93-4D52-B6A9-5D63FC79A234}.Release|Any CPU.Build.0 = Release|Any CPU
		{00E5ADD6-ABF0-4FDB-83AC-55581CA4FECE}.Debug|Any CPU.ActiveCfg = Debug|Any CPU
		{00E5ADD6-ABF0-4FDB-83AC-55581CA4FECE}.Debug|Any CPU.Build.0 = Debug|Any CPU
		{00E5ADD6-ABF0-4FDB-83AC-55581CA4FECE}.Release|Any CPU.ActiveCfg = Release|Any CPU
		{00E5ADD6-ABF0-4FDB-83AC-55581CA4FECE}.Release|Any CPU.Build.0 = Release|Any CPU
		{451CCCE3-56C4-4801-961F-323B5536D1AE}.Debug|Any CPU.ActiveCfg = Debug|Any CPU
		{451CCCE3-56C4-4801-961F-323B5536D1AE}.Debug|Any CPU.Build.0 = Debug|Any CPU
		{451CCCE3-56C4-4801-961F-323B5536D1AE}.Release|Any CPU.ActiveCfg = Release|Any CPU
		{451CCCE3-56C4-4801-961F-323B5536D1AE}.Release|Any CPU.Build.0 = Release|Any CPU
		{2FA12A80-3344-45DE-879B-4299AEAC5A7D}.Debug|Any CPU.ActiveCfg = Debug|Any CPU
		{2FA12A80-3344-45DE-879B-4299AEAC5A7D}.Debug|Any CPU.Build.0 = Debug|Any CPU
		{2FA12A80-3344-45DE-879B-4299AEAC5A7D}.Release|Any CPU.ActiveCfg = Release|Any CPU
		{2FA12A80-3344-45DE-879B-4299AEAC5A7D}.Release|Any CPU.Build.0 = Release|Any CPU
		{63904AFA-746B-497B-B610-B27B7F05C8F8}.Debug|Any CPU.ActiveCfg = Debug|Any CPU
		{63904AFA-746B-497B-B610-B27B7F05C8F8}.Debug|Any CPU.Build.0 = Debug|Any CPU
		{63904AFA-746B-497B-B610-B27B7F05C8F8}.Release|Any CPU.ActiveCfg = Release|Any CPU
		{63904AFA-746B-497B-B610-B27B7F05C8F8}.Release|Any CPU.Build.0 = Release|Any CPU
		{1C39F719-A85F-4567-ABD0-FBD7639CA76D}.Debug|Any CPU.ActiveCfg = Debug|Any CPU
		{1C39F719-A85F-4567-ABD0-FBD7639CA76D}.Debug|Any CPU.Build.0 = Debug|Any CPU
		{1C39F719-A85F-4567-ABD0-FBD7639CA76D}.Release|Any CPU.ActiveCfg = Release|Any CPU
		{1C39F719-A85F-4567-ABD0-FBD7639CA76D}.Release|Any CPU.Build.0 = Release|Any CPU
		{39087E47-AA3F-479B-A6F2-0B04165EC43F}.Debug|Any CPU.ActiveCfg = Debug|Any CPU
		{39087E47-AA3F-479B-A6F2-0B04165EC43F}.Debug|Any CPU.Build.0 = Debug|Any CPU
		{39087E47-AA3F-479B-A6F2-0B04165EC43F}.Release|Any CPU.ActiveCfg = Release|Any CPU
		{39087E47-AA3F-479B-A6F2-0B04165EC43F}.Release|Any CPU.Build.0 = Release|Any CPU
		{D717A004-D149-4B7A-8B17-AA9EDAE44B1A}.Debug|Any CPU.ActiveCfg = Debug|Any CPU
		{D717A004-D149-4B7A-8B17-AA9EDAE44B1A}.Debug|Any CPU.Build.0 = Debug|Any CPU
		{D717A004-D149-4B7A-8B17-AA9EDAE44B1A}.Release|Any CPU.ActiveCfg = Release|Any CPU
		{D717A004-D149-4B7A-8B17-AA9EDAE44B1A}.Release|Any CPU.Build.0 = Release|Any CPU
	EndGlobalSection
	GlobalSection(SolutionProperties) = preSolution
		HideSolutionNode = FALSE
	EndGlobalSection
	GlobalSection(ExtensibilityGlobals) = postSolution
		SolutionGuid = {8A37DFBD-6064-4E5B-B720-265D23A549F8}
	EndGlobalSection
EndGlobal
